
Microsoft Visual Studio Solution File, Format Version 12.00
# Visual Studio Version 17
VisualStudioVersion = 17.5.002.0
MinimumVisualStudioVersion = 10.0.40219.1
Project("{9A19103F-16F7-4668-BE54-9A1E7A4F7556}") = "chatmobile", "chatmobile.csproj", "{49884FF6-1D29-4D91-BA5F-21C758F4008A}"
EndProject
Global
	GlobalSection(SolutionConfigurationPlatforms) = preSolution
		Debug|Any CPU = Debug|Any CPU
		Release|Any CPU = Release|Any CPU
	EndGlobalSection
	GlobalSection(ProjectConfigurationPlatforms) = postSolution
		{49884FF6-1D29-4D91-BA5F-21C758F4008A}.Debug|Any CPU.ActiveCfg = Debug|Any CPU
		{49884FF6-1D29-4D91-BA5F-21C758F4008A}.Debug|Any CPU.Build.0 = Debug|Any CPU
		{49884FF6-1D29-4D91-BA5F-21C758F4008A}.Release|Any CPU.ActiveCfg = Release|Any CPU
		{49884FF6-1D29-4D91-BA5F-21C758F4008A}.Release|Any CPU.Build.0 = Release|Any CPU
	EndGlobalSection
	GlobalSection(SolutionProperties) = preSolution
		HideSolutionNode = FALSE
	EndGlobalSection
	GlobalSection(ExtensibilityGlobals) = postSolution
		SolutionGuid = {000EF78F-E615-4C3B-ACAF-15D07DBE6E25}
	EndGlobalSection
EndGlobal
